
Microsoft Visual Studio Solution File, Format Version 12.00
# Visual Studio Version 16
VisualStudioVersion = 16.0.31702.278
MinimumVisualStudioVersion = 10.0.40219.1
Project("{FAE04EC0-301F-11D3-BF4B-00C04F79EFBC}") = "FinalProject", "FinalProject\FinalProject.csproj", "{D1236287-DDF8-4B22-9DB6-77872B1FB36A}"
EndProject
Global
	GlobalSection(SolutionConfigurationPlatforms) = preSolution
		Debug|Any CPU = Debug|Any CPU
		Release|Any CPU = Release|Any CPU
	EndGlobalSection
	GlobalSection(ProjectConfigurationPlatforms) = postSolution
		{D1236287-DDF8-4B22-9DB6-77872B1FB36A}.Debug|Any CPU.ActiveCfg = Debug|Any CPU
		{D1236287-DDF8-4B22-9DB6-77872B1FB36A}.Debug|Any CPU.Build.0 = Debug|Any CPU
		{D1236287-DDF8-4B22-9DB6-77872B1FB36A}.Release|Any CPU.ActiveCfg = Release|Any CPU
		{D1236287-DDF8-4B22-9DB6-77872B1FB36A}.Release|Any CPU.Build.0 = Release|Any CPU
	EndGlobalSection
	GlobalSection(SolutionProperties) = preSolution
		HideSolutionNode = FALSE
	EndGlobalSection
	GlobalSection(ExtensibilityGlobals) = postSolution
		SolutionGuid = {E5ED0DC4-EF8A-41F3-909B-1DFE45385DD5}
	EndGlobalSection
EndGlobal
